
Microsoft Visual Studio Solution File, Format Version 12.00
# Visual Studio 14
VisualStudioVersion = 14.0.25420.1
MinimumVisualStudioVersion = 10.0.40219.1
Project("{2150E333-8FDC-42A3-9474-1A3956D46DE8}") = "1.Web", "1.Web", "{8B4F5F18-EAAE-4E73-92AA-48815BA6B376}"
EndProject
Project("{2150E333-8FDC-42A3-9474-1A3956D46DE8}") = "2.IBLL", "2.IBLL", "{6A9D16F7-411D-4BC9-9430-7071666ED60E}"
EndProject
Project("{2150E333-8FDC-42A3-9474-1A3956D46DE8}") = "3.BLL", "3.BLL", "{0906F579-EF94-43A6-A6E0-2E002C17CC66}"
EndProject
Project("{2150E333-8FDC-42A3-9474-1A3956D46DE8}") = "4.IDAL", "4.IDAL", "{981FD222-7617-439D-8265-F4CFB930415E}"
EndProject
Project("{2150E333-8FDC-42A3-9474-1A3956D46DE8}") = "5.DAL", "5.DAL", "{A103675F-433B-4B65-B87F-772F097D6594}"
EndProject
Project("{2150E333-8FDC-42A3-9474-1A3956D46DE8}") = "6.Model", "6.Model", "{8A212048-3DF4-40CB-BCBE-F0D24BB5980E}"
EndProject
Project("{FAE04EC0-301F-11D3-BF4B-00C04F79EFBC}") = "Taki.Web", "Taki.Web\Taki.Web.csproj", "{942A8BD2-2EAB-4617-A217-404B28643A29}"
EndProject
Project("{FAE04EC0-301F-11D3-BF4B-00C04F79EFBC}") = "Taki.IBLL", "Taki.IBLL\Taki.IBLL.csproj", "{2A412055-B371-45D8-8780-79E2B965908F}"
EndProject
Project("{FAE04EC0-301F-11D3-BF4B-00C04F79EFBC}") = "Taki.BLL", "Taki.BLL\Taki.BLL.csproj", "{73804598-76B6-426D-A67F-B0705D968236}"
EndProject
Project("{FAE04EC0-301F-11D3-BF4B-00C04F79EFBC}") = "Taki.IDAL", "Taki.IDAL\Taki.IDAL.csproj", "{D42B3AC0-FDD2-4BCF-9BB1-B2F132EEBA8E}"
EndProject
Project("{FAE04EC0-301F-11D3-BF4B-00C04F79EFBC}") = "Taki.DAL", "Taki.DAL\Taki.DAL.csproj", "{29DAC7A8-9B07-49A4-8C58-F1E5218619F1}"
EndProject
Project("{FAE04EC0-301F-11D3-BF4B-00C04F79EFBC}") = "Taki.Model", "Taki.Model\Taki.Model.csproj", "{473304E2-6A68-4942-B4A6-DFCB477C7E78}"
EndProject
Project("{2150E333-8FDC-42A3-9474-1A3956D46DE8}") = "8.WinForm", "8.WinForm", "{C5DFAE99-40FC-4DB7-91D3-CBC0526CC8EF}"
EndProject
Project("{FAE04EC0-301F-11D3-BF4B-00C04F79EFBC}") = "Taki.WindowsForms", "Taki.WindowsForms\Taki.WindowsForms.csproj", "{8455263E-AB03-4C0C-B588-18CE3A448D49}"
EndProject
Project("{FAE04EC0-301F-11D3-BF4B-00C04F79EFBC}") = "Taki.UnitTest", "Taki.UnitTest\Taki.UnitTest.csproj", "{82A67A79-5AD8-43F5-8660-34C8193D4887}"
EndProject
Project("{2150E333-8FDC-42A3-9474-1A3956D46DE8}") = "9.Test", "9.Test", "{484529C4-11A2-44E9-A0E1-73FE22D56318}"
EndProject
Project("{2150E333-8FDC-42A3-9474-1A3956D46DE8}") = "7.Common", "7.Common", "{52862466-D46D-453C-8779-E12C710120DE}"
EndProject
Project("{FAE04EC0-301F-11D3-BF4B-00C04F79EFBC}") = "Taki.Common", "Taki.CommonUtils\Taki.Common\Taki.Common.csproj", "{CAA687B6-B794-4EFE-9259-C2F90C9CA057}"
EndProject
Project("{FAE04EC0-301F-11D3-BF4B-00C04F79EFBC}") = "Taki.Logging", "Taki.CommonUtils\Taki.Logging\Taki.Logging.csproj", "{876861EA-A401-463C-859D-41085B582E21}"
EndProject
Project("{FAE04EC0-301F-11D3-BF4B-00C04F79EFBC}") = "Taki.ConsoleApp", "Taki.ConsoleApp\Taki.ConsoleApp.csproj", "{9A5E1E46-3FDB-41F7-88E2-03D9457D1E57}"
EndProject
Global
	GlobalSection(SolutionConfigurationPlatforms) = preSolution
		Debug|Any CPU = Debug|Any CPU
		Release|Any CPU = Release|Any CPU
	EndGlobalSection
	GlobalSection(ProjectConfigurationPlatforms) = postSolution
		{942A8BD2-2EAB-4617-A217-404B28643A29}.Debug|Any CPU.ActiveCfg = Debug|Any CPU
		{942A8BD2-2EAB-4617-A217-404B28643A29}.Debug|Any CPU.Build.0 = Debug|Any CPU
		{942A8BD2-2EAB-4617-A217-404B28643A29}.Release|Any CPU.ActiveCfg = Release|Any CPU
		{942A8BD2-2EAB-4617-A217-404B28643A29}.Release|Any CPU.Build.0 = Release|Any CPU
		{2A412055-B371-45D8-8780-79E2B965908F}.Debug|Any CPU.ActiveCfg = Debug|Any CPU
		{2A412055-B371-45D8-8780-79E2B965908F}.Debug|Any CPU.Build.0 = Debug|Any CPU
		{2A412055-B371-45D8-8780-79E2B965908F}.Release|Any CPU.ActiveCfg = Release|Any CPU
		{2A412055-B371-45D8-8780-79E2B965908F}.Release|Any CPU.Build.0 = Release|Any CPU
		{73804598-76B6-426D-A67F-B0705D968236}.Debug|Any CPU.ActiveCfg = Debug|Any CPU
		{73804598-76B6-426D-A67F-B0705D968236}.Debug|Any CPU.Build.0 = Debug|Any CPU
		{73804598-76B6-426D-A67F-B0705D968236}.Release|Any CPU.ActiveCfg = Release|Any CPU
		{73804598-76B6-426D-A67F-B0705D968236}.Release|Any CPU.Build.0 = Release|Any CPU
		{D42B3AC0-FDD2-4BCF-9BB1-B2F132EEBA8E}.Debug|Any CPU.ActiveCfg = Debug|Any CPU
		{D42B3AC0-FDD2-4BCF-9BB1-B2F132EEBA8E}.Debug|Any CPU.Build.0 = Debug|Any CPU
		{D42B3AC0-FDD2-4BCF-9BB1-B2F132EEBA8E}.Release|Any CPU.ActiveCfg = Release|Any CPU
		{D42B3AC0-FDD2-4BCF-9BB1-B2F132EEBA8E}.Release|Any CPU.Build.0 = Release|Any CPU
		{29DAC7A8-9B07-49A4-8C58-F1E5218619F1}.Debug|Any CPU.ActiveCfg = Debug|Any CPU
		{29DAC7A8-9B07-49A4-8C58-F1E5218619F1}.Debug|Any CPU.Build.0 = Debug|Any CPU
		{29DAC7A8-9B07-49A4-8C58-F1E5218619F1}.Release|Any CPU.ActiveCfg = Release|Any CPU
		{29DAC7A8-9B07-49A4-8C58-F1E5218619F1}.Release|Any CPU.Build.0 = Release|Any CPU
		{473304E2-6A68-4942-B4A6-DFCB477C7E78}.Debug|Any CPU.ActiveCfg = Debug|Any CPU
		{473304E2-6A68-4942-B4A6-DFCB477C7E78}.Debug|Any CPU.Build.0 = Debug|Any CPU
		{473304E2-6A68-4942-B4A6-DFCB477C7E78}.Release|Any CPU.ActiveCfg = Release|Any CPU
		{473304E2-6A68-4942-B4A6-DFCB477C7E78}.Release|Any CPU.Build.0 = Release|Any CPU
		{8455263E-AB03-4C0C-B588-18CE3A448D49}.Debug|Any CPU.ActiveCfg = Debug|Any CPU
		{8455263E-AB03-4C0C-B588-18CE3A448D49}.Debug|Any CPU.Build.0 = Debug|Any CPU
		{8455263E-AB03-4C0C-B588-18CE3A448D49}.Release|Any CPU.ActiveCfg = Release|Any CPU
		{8455263E-AB03-4C0C-B588-18CE3A448D49}.Release|Any CPU.Build.0 = Release|Any CPU
		{82A67A79-5AD8-43F5-8660-34C8193D4887}.Debug|Any CPU.ActiveCfg = Debug|Any CPU
		{82A67A79-5AD8-43F5-8660-34C8193D4887}.Debug|Any CPU.Build.0 = Debug|Any CPU
		{82A67A79-5AD8-43F5-8660-34C8193D4887}.Release|Any CPU.ActiveCfg = Release|Any CPU
		{82A67A79-5AD8-43F5-8660-34C8193D4887}.Release|Any CPU.Build.0 = Release|Any CPU
		{CAA687B6-B794-4EFE-9259-C2F90C9CA057}.Debug|Any CPU.ActiveCfg = Debug|Any CPU
		{CAA687B6-B794-4EFE-9259-C2F90C9CA057}.Debug|Any CPU.Build.0 = Debug|Any CPU
		{CAA687B6-B794-4EFE-9259-C2F90C9CA057}.Release|Any CPU.ActiveCfg = Release|Any CPU
		{CAA687B6-B794-4EFE-9259-C2F90C9CA057}.Release|Any CPU.Build.0 = Release|Any CPU
		{876861EA-A401-463C-859D-41085B582E21}.Debug|Any CPU.ActiveCfg = Debug|Any CPU
		{876861EA-A401-463C-859D-41085B582E21}.Debug|Any CPU.Build.0 = Debug|Any CPU
		{876861EA-A401-463C-859D-41085B582E21}.Release|Any CPU.ActiveCfg = Release|Any CPU
		{876861EA-A401-463C-859D-41085B582E21}.Release|Any CPU.Build.0 = Release|Any CPU
		{9A5E1E46-3FDB-41F7-88E2-03D9457D1E57}.Debug|Any CPU.ActiveCfg = Debug|Any CPU
		{9A5E1E46-3FDB-41F7-88E2-03D9457D1E57}.Debug|Any CPU.Build.0 = Debug|Any CPU
		{9A5E1E46-3FDB-41F7-88E2-03D9457D1E57}.Release|Any CPU.ActiveCfg = Release|Any CPU
		{9A5E1E46-3FDB-41F7-88E2-03D9457D1E57}.Release|Any CPU.Build.0 = Release|Any CPU
	EndGlobalSection
	GlobalSection(SolutionProperties) = preSolution
		HideSolutionNode = FALSE
	EndGlobalSection
	GlobalSection(NestedProjects) = preSolution
		{942A8BD2-2EAB-4617-A217-404B28643A29} = {8B4F5F18-EAAE-4E73-92AA-48815BA6B376}
		{2A412055-B371-45D8-8780-79E2B965908F} = {6A9D16F7-411D-4BC9-9430-7071666ED60E}
		{73804598-76B6-426D-A67F-B0705D968236} = {0906F579-EF94-43A6-A6E0-2E002C17CC66}
		{D42B3AC0-FDD2-4BCF-9BB1-B2F132EEBA8E} = {981FD222-7617-439D-8265-F4CFB930415E}
		{29DAC7A8-9B07-49A4-8C58-F1E5218619F1} = {A103675F-433B-4B65-B87F-772F097D6594}
		{473304E2-6A68-4942-B4A6-DFCB477C7E78} = {8A212048-3DF4-40CB-BCBE-F0D24BB5980E}
		{8455263E-AB03-4C0C-B588-18CE3A448D49} = {C5DFAE99-40FC-4DB7-91D3-CBC0526CC8EF}
		{82A67A79-5AD8-43F5-8660-34C8193D4887} = {484529C4-11A2-44E9-A0E1-73FE22D56318}
		{CAA687B6-B794-4EFE-9259-C2F90C9CA057} = {52862466-D46D-453C-8779-E12C710120DE}
		{876861EA-A401-463C-859D-41085B582E21} = {52862466-D46D-453C-8779-E12C710120DE}
		{9A5E1E46-3FDB-41F7-88E2-03D9457D1E57} = {C5DFAE99-40FC-4DB7-91D3-CBC0526CC8EF}
	EndGlobalSection
EndGlobal
